
Microsoft Visual Studio Solution File, Format Version 12.00
# Visual Studio Version 16
VisualStudioVersion = 16.0.29123.88
MinimumVisualStudioVersion = 10.0.40219.1
Project("{FAE04EC0-301F-11D3-BF4B-00C04F79EFBC}") = "ExecProposto136_MetodosAbstrato", "ExecProposto136_MetodosAbstrato\ExecProposto136_MetodosAbstrato.csproj", "{64314CC7-2B92-413A-858E-CCC23AC903D6}"
EndProject
Global
	GlobalSection(SolutionConfigurationPlatforms) = preSolution
		Debug|Any CPU = Debug|Any CPU
		Release|Any CPU = Release|Any CPU
	EndGlobalSection
	GlobalSection(ProjectConfigurationPlatforms) = postSolution
		{64314CC7-2B92-413A-858E-CCC23AC903D6}.Debug|Any CPU.ActiveCfg = Debug|Any CPU
		{64314CC7-2B92-413A-858E-CCC23AC903D6}.Debug|Any CPU.Build.0 = Debug|Any CPU
		{64314CC7-2B92-413A-858E-CCC23AC903D6}.Release|Any CPU.ActiveCfg = Release|Any CPU
		{64314CC7-2B92-413A-858E-CCC23AC903D6}.Release|Any CPU.Build.0 = Release|Any CPU
	EndGlobalSection
	GlobalSection(SolutionProperties) = preSolution
		HideSolutionNode = FALSE
	EndGlobalSection
	GlobalSection(ExtensibilityGlobals) = postSolution
		SolutionGuid = {645CC967-0113-4652-AF20-8C08B498F12B}
	EndGlobalSection
EndGlobal
